
Microsoft Visual Studio Solution File, Format Version 12.00
# Visual Studio Version 16
VisualStudioVersion = 16.0.30804.86
MinimumVisualStudioVersion = 10.0.40219.1
Project("{FAE04EC0-301F-11D3-BF4B-00C04F79EFBC}") = "XingLongWeb", "XingLongWeb\XingLongWeb.csproj", "{1FFD4FDC-F65B-4693-9AA2-DAFEDC58766B}"
EndProject
Global
	GlobalSection(SolutionConfigurationPlatforms) = preSolution
		Debug|Any CPU = Debug|Any CPU
		Release|Any CPU = Release|Any CPU
	EndGlobalSection
	GlobalSection(ProjectConfigurationPlatforms) = postSolution
		{1FFD4FDC-F65B-4693-9AA2-DAFEDC58766B}.Debug|Any CPU.ActiveCfg = Debug|Any CPU
		{1FFD4FDC-F65B-4693-9AA2-DAFEDC58766B}.Debug|Any CPU.Build.0 = Debug|Any CPU
		{1FFD4FDC-F65B-4693-9AA2-DAFEDC58766B}.Release|Any CPU.ActiveCfg = Release|Any CPU
		{1FFD4FDC-F65B-4693-9AA2-DAFEDC58766B}.Release|Any CPU.Build.0 = Release|Any CPU
	EndGlobalSection
	GlobalSection(SolutionProperties) = preSolution
		HideSolutionNode = FALSE
	EndGlobalSection
	GlobalSection(ExtensibilityGlobals) = postSolution
		SolutionGuid = {310DA299-4672-49D4-BADF-8A8E479255FA}
	EndGlobalSection
EndGlobal
